
Microsoft Visual Studio Solution File, Format Version 12.00
# Visual Studio Version 17
VisualStudioVersion = 17.5.002.0
MinimumVisualStudioVersion = 10.0.40219.1
Project("{9A19103F-16F7-4668-BE54-9A1E7A4F7556}") = "pasta8", "pasta8.csproj", "{6E54D450-5383-4B89-8560-36C0B54AF86C}"
EndProject
Global
	GlobalSection(SolutionConfigurationPlatforms) = preSolution
		Debug|Any CPU = Debug|Any CPU
		Release|Any CPU = Release|Any CPU
	EndGlobalSection
	GlobalSection(ProjectConfigurationPlatforms) = postSolution
		{6E54D450-5383-4B89-8560-36C0B54AF86C}.Debug|Any CPU.ActiveCfg = Debug|Any CPU
		{6E54D450-5383-4B89-8560-36C0B54AF86C}.Debug|Any CPU.Build.0 = Debug|Any CPU
		{6E54D450-5383-4B89-8560-36C0B54AF86C}.Release|Any CPU.ActiveCfg = Release|Any CPU
		{6E54D450-5383-4B89-8560-36C0B54AF86C}.Release|Any CPU.Build.0 = Release|Any CPU
	EndGlobalSection
	GlobalSection(SolutionProperties) = preSolution
		HideSolutionNode = FALSE
	EndGlobalSection
	GlobalSection(ExtensibilityGlobals) = postSolution
		SolutionGuid = {CD72EED1-930D-41B8-8838-7A8AD6E09C49}
	EndGlobalSection
EndGlobal
